// !$*UTF8*$!
{
	archiveVersion = 1;
	classes = {
	};
	objectVersion = 56;
	objects = {

/* Begin PBXBuildFile section */
		384271142C8A3AA900E108D7 /* CaleyApp.swift in Sources */ = {isa = PBXBuildFile; fileRef = 384271132C8A3AA900E108D7 /* CaleyApp.swift */; };
		384271162C8A3AA900E108D7 /* Persistence.swift in Sources */ = {isa = PBXBuildFile; fileRef = 384271152C8A3AA900E108D7 /* Persistence.swift */; };
		384271192C8A3AA900E108D7 /* Caley.xcdatamodeld in Sources */ = {isa = PBXBuildFile; fileRef = 384271172C8A3AA900E108D7 /* Caley.xcdatamodeld */; };
		3842711D2C8A3AAB00E108D7 /* Assets.xcassets in Resources */ = {isa = PBXBuildFile; fileRef = 3842711C2C8A3AAB00E108D7 /* Assets.xcassets */; };
		384271212C8A3AAB00E108D7 /* Preview Assets.xcassets in Resources */ = {isa = PBXBuildFile; fileRef = 384271202C8A3AAB00E108D7 /* Preview Assets.xcassets */; };
		3842712B2C8A3AAB00E108D7 /* CaleyTests.swift in Sources */ = {isa = PBXBuildFile; fileRef = 3842712A2C8A3AAB00E108D7 /* CaleyTests.swift */; };
		384271352C8A3AAB00E108D7 /* CaleyUITests.swift in Sources */ = {isa = PBXBuildFile; fileRef = 384271342C8A3AAB00E108D7 /* CaleyUITests.swift */; };
		384271372C8A3AAB00E108D7 /* CaleyUITestsLaunchTests.swift in Sources */ = {isa = PBXBuildFile; fileRef = 384271362C8A3AAB00E108D7 /* CaleyUITestsLaunchTests.swift */; };
		384271442C8A3CE700E108D7 /* CalendarView.swift in Sources */ = {isa = PBXBuildFile; fileRef = 384271432C8A3CE700E108D7 /* CalendarView.swift */; };
		384271462C8A3D1000E108D7 /* WorkoutDetailView.swift in Sources */ = {isa = PBXBuildFile; fileRef = 384271452C8A3D1000E108D7 /* WorkoutDetailView.swift */; };
		3842714A2C8A571C00E108D7 /* IdentifiableDate.swift in Sources */ = {isa = PBXBuildFile; fileRef = 384271492C8A571C00E108D7 /* IdentifiableDate.swift */; };
/* End PBXBuildFile section */

/* Begin PBXContainerItemProxy section */
		384271272C8A3AAB00E108D7 /* PBXContainerItemProxy */ = {
			isa = PBXContainerItemProxy;
			containerPortal = 384271082C8A3AA900E108D7 /* Project object */;
			proxyType = 1;
			remoteGlobalIDString = 3842710F2C8A3AA900E108D7;
			remoteInfo = Caley;
		};
		384271312C8A3AAB00E108D7 /* PBXContainerItemProxy */ = {
			isa = PBXContainerItemProxy;
			containerPortal = 384271082C8A3AA900E108D7 /* Project object */;
			proxyType = 1;
			remoteGlobalIDString = 3842710F2C8A3AA900E108D7;
			remoteInfo = Caley;
		};
/* End PBXContainerItemProxy section */

/* Begin PBXFileReference section */
		384271102C8A3AA900E108D7 /* Caley.app */ = {isa = PBXFileReference; explicitFileType = wrapper.application; includeInIndex = 0; path = Caley.app; sourceTree = BUILT_PRODUCTS_DIR; };
		384271132C8A3AA900E108D7 /* CaleyApp.swift */ = {isa = PBXFileReference; lastKnownFileType = sourcecode.swift; path = CaleyApp.swift; sourceTree = "<group>"; };
		384271152C8A3AA900E108D7 /* Persistence.swift */ = {isa = PBXFileReference; lastKnownFileType = sourcecode.swift; path = Persistence.swift; sourceTree = "<group>"; };
		384271182C8A3AA900E108D7 /* Caley.xcdatamodel */ = {isa = PBXFileReference; lastKnownFileType = wrapper.xcdatamodel; path = Caley.xcdatamodel; sourceTree = "<group>"; };
		3842711C2C8A3AAB00E108D7 /* Assets.xcassets */ = {isa = PBXFileReference; lastKnownFileType = folder.assetcatalog; path = Assets.xcassets; sourceTree = "<group>"; };
		3842711E2C8A3AAB00E108D7 /* Caley.entitlements */ = {isa = PBXFileReference; lastKnownFileType = text.plist.entitlements; path = Caley.entitlements; sourceTree = "<group>"; };
		384271202C8A3AAB00E108D7 /* Preview Assets.xcassets */ = {isa = PBXFileReference; lastKnownFileType = folder.assetcatalog; path = "Preview Assets.xcassets"; sourceTree = "<group>"; };
		384271262C8A3AAB00E108D7 /* CaleyTests.xctest */ = {isa = PBXFileReference; explicitFileType = wrapper.cfbundle; includeInIndex = 0; path = CaleyTests.xctest; sourceTree = BUILT_PRODUCTS_DIR; };
		3842712A2C8A3AAB00E108D7 /* CaleyTests.swift */ = {isa = PBXFileReference; lastKnownFileType = sourcecode.swift; path = CaleyTests.swift; sourceTree = "<group>"; };
		384271302C8A3AAB00E108D7 /* CaleyUITests.xctest */ = {isa = PBXFileReference; explicitFileType = wrapper.cfbundle; includeInIndex = 0; path = CaleyUITests.xctest; sourceTree = BUILT_PRODUCTS_DIR; };
		384271342C8A3AAB00E108D7 /* CaleyUITests.swift */ = {isa = PBXFileReference; lastKnownFileType = sourcecode.swift; path = CaleyUITests.swift; sourceTree = "<group>"; };
		384271362C8A3AAB00E108D7 /* CaleyUITestsLaunchTests.swift */ = {isa = PBXFileReference; lastKnownFileType = sourcecode.swift; path = CaleyUITestsLaunchTests.swift; sourceTree = "<group>"; };
		384271432C8A3CE700E108D7 /* CalendarView.swift */ = {isa = PBXFileReference; lastKnownFileType = sourcecode.swift; path = CalendarView.swift; sourceTree = "<group>"; };
		384271452C8A3D1000E108D7 /* WorkoutDetailView.swift */ = {isa = PBXFileReference; lastKnownFileType = sourcecode.swift; path = WorkoutDetailView.swift; sourceTree = "<group>"; };
		384271492C8A571C00E108D7 /* IdentifiableDate.swift */ = {isa = PBXFileReference; lastKnownFileType = sourcecode.swift; path = IdentifiableDate.swift; sourceTree = "<group>"; };
/* End PBXFileReference section */

/* Begin PBXFrameworksBuildPhase section */
		3842710D2C8A3AA900E108D7 /* Frameworks */ = {
			isa = PBXFrameworksBuildPhase;
			buildActionMask = 2147483647;
			files = (
			);
			runOnlyForDeploymentPostprocessing = 0;
		};
		384271232C8A3AAB00E108D7 /* Frameworks */ = {
			isa = PBXFrameworksBuildPhase;
			buildActionMask = 2147483647;
			files = (
			);
			runOnlyForDeploymentPostprocessing = 0;
		};
		3842712D2C8A3AAB00E108D7 /* Frameworks */ = {
			isa = PBXFrameworksBuildPhase;
			buildActionMask = 2147483647;
			files = (
			);
			runOnlyForDeploymentPostprocessing = 0;
		};
/* End PBXFrameworksBuildPhase section */

/* Begin PBXGroup section */
		384271072C8A3AA900E108D7 = {
			isa = PBXGroup;
			children = (
				384271122C8A3AA900E108D7 /* Caley */,
				384271292C8A3AAB00E108D7 /* CaleyTests */,
				384271332C8A3AAB00E108D7 /* CaleyUITests */,
				384271112C8A3AA900E108D7 /* Products */,
			);
			sourceTree = "<group>";
		};
		384271112C8A3AA900E108D7 /* Products */ = {
			isa = PBXGroup;
			children = (
				384271102C8A3AA900E108D7 /* Caley.app */,
				384271262C8A3AAB00E108D7 /* CaleyTests.xctest */,
				384271302C8A3AAB00E108D7 /* CaleyUITests.xctest */,
			);
			name = Products;
			sourceTree = "<group>";
		};
		384271122C8A3AA900E108D7 /* Caley */ = {
			isa = PBXGroup;
			children = (
				384271132C8A3AA900E108D7 /* CaleyApp.swift */,
				384271152C8A3AA900E108D7 /* Persistence.swift */,
				3842711C2C8A3AAB00E108D7 /* Assets.xcassets */,
				3842711E2C8A3AAB00E108D7 /* Caley.entitlements */,
				384271172C8A3AA900E108D7 /* Caley.xcdatamodeld */,
				3842711F2C8A3AAB00E108D7 /* Preview Content */,
				384271432C8A3CE700E108D7 /* CalendarView.swift */,
				384271452C8A3D1000E108D7 /* WorkoutDetailView.swift */,
				384271492C8A571C00E108D7 /* IdentifiableDate.swift */,
			);
			path = Caley;
			sourceTree = "<group>";
		};
		3842711F2C8A3AAB00E108D7 /* Preview Content */ = {
			isa = PBXGroup;
			children = (
				384271202C8A3AAB00E108D7 /* Preview Assets.xcassets */,
			);
			path = "Preview Content";
			sourceTree = "<group>";
		};
		384271292C8A3AAB00E108D7 /* CaleyTests */ = {
			isa = PBXGroup;
			children = (
				3842712A2C8A3AAB00E108D7 /* CaleyTests.swift */,
			);
			path = CaleyTests;
			sourceTree = "<group>";
		};
		384271332C8A3AAB00E108D7 /* CaleyUITests */ = {
			isa = PBXGroup;
			children = (
				384271342C8A3AAB00E108D7 /* CaleyUITests.swift */,
				384271362C8A3AAB00E108D7 /* CaleyUITestsLaunchTests.swift */,
			);
			path = CaleyUITests;
			sourceTree = "<group>";
		};
/* End PBXGroup section */

/* Begin PBXNativeTarget section */
		3842710F2C8A3AA900E108D7 /* Caley */ = {
			isa = PBXNativeTarget;
			buildConfigurationList = 3842713A2C8A3AAB00E108D7 /* Build configuration list for PBXNativeTarget "Caley" */;
			buildPhases = (
				3842710C2C8A3AA900E108D7 /* Sources */,
				3842710D2C8A3AA900E108D7 /* Frameworks */,
				3842710E2C8A3AA900E108D7 /* Resources */,
			);
			buildRules = (
			);
			dependencies = (
			);
			name = Caley;
			productName = Caley;
			productReference = 384271102C8A3AA900E108D7 /* Caley.app */;
			productType = "com.apple.product-type.application";
		};
		384271252C8A3AAB00E108D7 /* CaleyTests */ = {
			isa = PBXNativeTarget;
			buildConfigurationList = 3842713D2C8A3AAB00E108D7 /* Build configuration list for PBXNativeTarget "CaleyTests" */;
			buildPhases = (
				384271222C8A3AAB00E108D7 /* Sources */,
				384271232C8A3AAB00E108D7 /* Frameworks */,
				384271242C8A3AAB00E108D7 /* Resources */,
			);
			buildRules = (
			);
			dependencies = (
				384271282C8A3AAB00E108D7 /* PBXTargetDependency */,
			);
			name = CaleyTests;
			productName = CaleyTests;
			productReference = 384271262C8A3AAB00E108D7 /* CaleyTests.xctest */;
			productType = "com.apple.product-type.bundle.unit-test";
		};
		3842712F2C8A3AAB00E108D7 /* CaleyUITests */ = {
			isa = PBXNativeTarget;
			buildConfigurationList = 384271402C8A3AAB00E108D7 /* Build configuration list for PBXNativeTarget "CaleyUITests" */;
			buildPhases = (
				3842712C2C8A3AAB00E108D7 /* Sources */,
				3842712D2C8A3AAB00E108D7 /* Frameworks */,
				3842712E2C8A3AAB00E108D7 /* Resources */,
			);
			buildRules = (
			);
			dependencies = (
				384271322C8A3AAB00E108D7 /* PBXTargetDependency */,
			);
			name = CaleyUITests;
			productName = CaleyUITests;
			productReference = 384271302C8A3AAB00E108D7 /* CaleyUITests.xctest */;
			productType = "com.apple.product-type.bundle.ui-testing";
		};
/* End PBXNativeTarget section */

/* Begin PBXProject section */
		384271082C8A3AA900E108D7 /* Project object */ = {
			isa = PBXProject;
			attributes = {
				BuildIndependentTargetsInParallel = 1;
				LastSwiftUpdateCheck = 1540;
				LastUpgradeCheck = 1540;
				TargetAttributes = {
					3842710F2C8A3AA900E108D7 = {
						CreatedOnToolsVersion = 15.4;
					};
					384271252C8A3AAB00E108D7 = {
						CreatedOnToolsVersion = 15.4;
						TestTargetID = 3842710F2C8A3AA900E108D7;
					};
					3842712F2C8A3AAB00E108D7 = {
						CreatedOnToolsVersion = 15.4;
						TestTargetID = 3842710F2C8A3AA900E108D7;
					};
				};
			};
			buildConfigurationList = 3842710B2C8A3AA900E108D7 /* Build configuration list for PBXProject "Caley" */;
			compatibilityVersion = "Xcode 14.0";
			developmentRegion = en;
			hasScannedForEncodings = 0;
			knownRegions = (
				en,
				Base,
			);
			mainGroup = 384271072C8A3AA900E108D7;
			productRefGroup = 384271112C8A3AA900E108D7 /* Products */;
			projectDirPath = "";
			projectRoot = "";
			targets = (
				3842710F2C8A3AA900E108D7 /* Caley */,
				384271252C8A3AAB00E108D7 /* CaleyTests */,
				3842712F2C8A3AAB00E108D7 /* CaleyUITests */,
			);
		};
/* End PBXProject section */

/* Begin PBXResourcesBuildPhase section */
		3842710E2C8A3AA900E108D7 /* Resources */ = {
			isa = PBXResourcesBuildPhase;
			buildActionMask = 2147483647;
			files = (
				384271212C8A3AAB00E108D7 /* Preview Assets.xcassets in Resources */,
				3842711D2C8A3AAB00E108D7 /* Assets.xcassets in Resources */,
			);
			runOnlyForDeploymentPostprocessing = 0;
		};
		384271242C8A3AAB00E108D7 /* Resources */ = {
			isa = PBXResourcesBuildPhase;
			buildActionMask = 2147483647;
			files = (
			);
			runOnlyForDeploymentPostprocessing = 0;
		};
		3842712E2C8A3AAB00E108D7 /* Resources */ = {
			isa = PBXResourcesBuildPhase;
			buildActionMask = 2147483647;
			files = (
			);
			runOnlyForDeploymentPostprocessing = 0;
		};
/* End PBXResourcesBuildPhase section */

/* Begin PBXSourcesBuildPhase section */
		3842710C2C8A3AA900E108D7 /* Sources */ = {
			isa = PBXSourcesBuildPhase;
			buildActionMask = 2147483647;
			files = (
				384271442C8A3CE700E108D7 /* CalendarView.swift in Sources */,
				384271462C8A3D1000E108D7 /* WorkoutDetailView.swift in Sources */,
				384271142C8A3AA900E108D7 /* CaleyApp.swift in Sources */,
				3842714A2C8A571C00E108D7 /* IdentifiableDate.swift in Sources */,
				384271162C8A3AA900E108D7 /* Persistence.swift in Sources */,
				384271192C8A3AA900E108D7 /* Caley.xcdatamodeld in Sources */,
			);
			runOnlyForDeploymentPostprocessing = 0;
		};
		384271222C8A3AAB00E108D7 /* Sources */ = {
			isa = PBXSourcesBuildPhase;
			buildActionMask = 2147483647;
			files = (
				3842712B2C8A3AAB00E108D7 /* CaleyTests.swift in Sources */,
			);
			runOnlyForDeploymentPostprocessing = 0;
		};
		3842712C2C8A3AAB00E108D7 /* Sources */ = {
			isa = PBXSourcesBuildPhase;
			buildActionMask = 2147483647;
			files = (
				384271352C8A3AAB00E108D7 /* CaleyUITests.swift in Sources */,
				384271372C8A3AAB00E108D7 /* CaleyUITestsLaunchTests.swift in Sources */,
			);
			runOnlyForDeploymentPostprocessing = 0;
		};
/* End PBXSourcesBuildPhase section */

/* Begin PBXTargetDependency section */
		384271282C8A3AAB00E108D7 /* PBXTargetDependency */ = {
			isa = PBXTargetDependency;
			target = 3842710F2C8A3AA900E108D7 /* Caley */;
			targetProxy = 384271272C8A3AAB00E108D7 /* PBXContainerItemProxy */;
		};
		384271322C8A3AAB00E108D7 /* PBXTargetDependency */ = {
			isa = PBXTargetDependency;
			target = 3842710F2C8A3AA900E108D7 /* Caley */;
			targetProxy = 384271312C8A3AAB00E108D7 /* PBXContainerItemProxy */;
		};
/* End PBXTargetDependency section */

/* Begin XCBuildConfiguration section */
		384271382C8A3AAB00E108D7 /* Debug */ = {
			isa = XCBuildConfiguration;
			buildSettings = {
				ALWAYS_SEARCH_USER_PATHS = NO;
				ASSETCATALOG_COMPILER_GENERATE_SWIFT_ASSET_SYMBOL_EXTENSIONS = YES;
				CLANG_ANALYZER_NONNULL = YES;
				CLANG_ANALYZER_NUMBER_OBJECT_CONVERSION = YES_AGGRESSIVE;
				CLANG_CXX_LANGUAGE_STANDARD = "gnu++20";
				CLANG_ENABLE_MODULES = YES;
				CLANG_ENABLE_OBJC_ARC = YES;
				CLANG_ENABLE_OBJC_WEAK = YES;
				CLANG_WARN_BLOCK_CAPTURE_AUTORELEASING = YES;
				CLANG_WARN_BOOL_CONVERSION = YES;
				CLANG_WARN_COMMA = YES;
				CLANG_WARN_CONSTANT_CONVERSION = YES;
				CLANG_WARN_DEPRECATED_OBJC_IMPLEMENTATIONS = YES;
				CLANG_WARN_DIRECT_OBJC_ISA_USAGE = YES_ERROR;
				CLANG_WARN_DOCUMENTATION_COMMENTS = YES;
				CLANG_WARN_EMPTY_BODY = YES;
				CLANG_WARN_ENUM_CONVERSION = YES;
				CLANG_WARN_INFINITE_RECURSION = YES;
				CLANG_WARN_INT_CONVERSION = YES;
				CLANG_WARN_NON_LITERAL_NULL_CONVERSION = YES;
				CLANG_WARN_OBJC_IMPLICIT_RETAIN_SELF = YES;
				CLANG_WARN_OBJC_LITERAL_CONVERSION = YES;
				CLANG_WARN_OBJC_ROOT_CLASS = YES_ERROR;
				CLANG_WARN_QUOTED_INCLUDE_IN_FRAMEWORK_HEADER = YES;
				CLANG_WARN_RANGE_LOOP_ANALYSIS = YES;
				CLANG_WARN_STRICT_PROTOTYPES = YES;
				CLANG_WARN_SUSPICIOUS_MOVE = YES;
				CLANG_WARN_UNGUARDED_AVAILABILITY = YES_AGGRESSIVE;
				CLANG_WARN_UNREACHABLE_CODE = YES;
				CLANG_WARN__DUPLICATE_METHOD_MATCH = YES;
				COPY_PHASE_STRIP = NO;
				DEBUG_INFORMATION_FORMAT = dwarf;
				ENABLE_STRICT_OBJC_MSGSEND = YES;
				ENABLE_TESTABILITY = YES;
				ENABLE_USER_SCRIPT_SANDBOXING = YES;
				GCC_C_LANGUAGE_STANDARD = gnu17;
				GCC_DYNAMIC_NO_PIC = NO;
				GCC_NO_COMMON_BLOCKS = YES;
				GCC_OPTIMIZATION_LEVEL = 0;
				GCC_PREPROCESSOR_DEFINITIONS = (
					"DEBUG=1",
					"$(inherited)",
				);
				GCC_WARN_64_TO_32_BIT_CONVERSION = YES;
				GCC_WARN_ABOUT_RETURN_TYPE = YES_ERROR;
				GCC_WARN_UNDECLARED_SELECTOR = YES;
				GCC_WARN_UNINITIALIZED_AUTOS = YES_AGGRESSIVE;
				GCC_WARN_UNUSED_FUNCTION = YES;
				GCC_WARN_UNUSED_VARIABLE = YES;
				LOCALIZATION_PREFERS_STRING_CATALOGS = YES;
				MTL_ENABLE_DEBUG_INFO = INCLUDE_SOURCE;
				MTL_FAST_MATH = YES;
				ONLY_ACTIVE_ARCH = YES;
				SWIFT_ACTIVE_COMPILATION_CONDITIONS = "DEBUG $(inherited)";
				SWIFT_OPTIMIZATION_LEVEL = "-Onone";
			};
			name = Debug;
		};
		384271392C8A3AAB00E108D7 /* Release */ = {
			isa = XCBuildConfiguration;
			buildSettings = {
				ALWAYS_SEARCH_USER_PATHS = NO;
				ASSETCATALOG_COMPILER_GENERATE_SWIFT_ASSET_SYMBOL_EXTENSIONS = YES;
				CLANG_ANALYZER_NONNULL = YES;
				CLANG_ANALYZER_NUMBER_OBJECT_CONVERSION = YES_AGGRESSIVE;
				CLANG_CXX_LANGUAGE_STANDARD = "gnu++20";
				CLANG_ENABLE_MODULES = YES;
				CLANG_ENABLE_OBJC_ARC = YES;
				CLANG_ENABLE_OBJC_WEAK = YES;
				CLANG_WARN_BLOCK_CAPTURE_AUTORELEASING = YES;
				CLANG_WARN_BOOL_CONVERSION = YES;
				CLANG_WARN_COMMA = YES;
				CLANG_WARN_CONSTANT_CONVERSION = YES;
				CLANG_WARN_DEPRECATED_OBJC_IMPLEMENTATIONS = YES;
				CLANG_WARN_DIRECT_OBJC_ISA_USAGE = YES_ERROR;
				CLANG_WARN_DOCUMENTATION_COMMENTS = YES;
				CLANG_WARN_EMPTY_BODY = YES;
				CLANG_WARN_ENUM_CONVERSION = YES;
				CLANG_WARN_INFINITE_RECURSION = YES;
				CLANG_WARN_INT_CONVERSION = YES;
				CLANG_WARN_NON_LITERAL_NULL_CONVERSION = YES;
				CLANG_WARN_OBJC_IMPLICIT_RETAIN_SELF = YES;
				CLANG_WARN_OBJC_LITERAL_CONVERSION = YES;
				CLANG_WARN_OBJC_ROOT_CLASS = YES_ERROR;
				CLANG_WARN_QUOTED_INCLUDE_IN_FRAMEWORK_HEADER = YES;
				CLANG_WARN_RANGE_LOOP_ANALYSIS = YES;
				CLANG_WARN_STRICT_PROTOTYPES = YES;
				CLANG_WARN_SUSPICIOUS_MOVE = YES;
				CLANG_WARN_UNGUARDED_AVAILABILITY = YES_AGGRESSIVE;
				CLANG_WARN_UNREACHABLE_CODE = YES;
				CLANG_WARN__DUPLICATE_METHOD_MATCH = YES;
				COPY_PHASE_STRIP = NO;
				DEBUG_INFORMATION_FORMAT = "dwarf-with-dsym";
				ENABLE_NS_ASSERTIONS = NO;
				ENABLE_STRICT_OBJC_MSGSEND = YES;
				ENABLE_USER_SCRIPT_SANDBOXING = YES;
				GCC_C_LANGUAGE_STANDARD = gnu17;
				GCC_NO_COMMON_BLOCKS = YES;
				GCC_WARN_64_TO_32_BIT_CONVERSION = YES;
				GCC_WARN_ABOUT_RETURN_TYPE = YES_ERROR;
				GCC_WARN_UNDECLARED_SELECTOR = YES;
				GCC_WARN_UNINITIALIZED_AUTOS = YES_AGGRESSIVE;
				GCC_WARN_UNUSED_FUNCTION = YES;
				GCC_WARN_UNUSED_VARIABLE = YES;
				LOCALIZATION_PREFERS_STRING_CATALOGS = YES;
				MTL_ENABLE_DEBUG_INFO = NO;
				MTL_FAST_MATH = YES;
				SWIFT_COMPILATION_MODE = wholemodule;
			};
			name = Release;
		};
		3842713B2C8A3AAB00E108D7 /* Debug */ = {
			isa = XCBuildConfiguration;
			buildSettings = {
				ASSETCATALOG_COMPILER_APPICON_NAME = AppIcon;
				ASSETCATALOG_COMPILER_GLOBAL_ACCENT_COLOR_NAME = AccentColor;
				CODE_SIGN_ENTITLEMENTS = Caley/Caley.entitlements;
				CODE_SIGN_STYLE = Automatic;
				CURRENT_PROJECT_VERSION = 1;
				DEVELOPMENT_ASSET_PATHS = "\"Caley/Preview Content\"";
				DEVELOPMENT_TEAM = DYAYXFMND5;
				ENABLE_PREVIEWS = YES;
				GENERATE_INFOPLIST_FILE = YES;
				"INFOPLIST_KEY_UIApplicationSceneManifest_Generation[sdk=iphoneos*]" = YES;
				"INFOPLIST_KEY_UIApplicationSceneManifest_Generation[sdk=iphonesimulator*]" = YES;
				"INFOPLIST_KEY_UIApplicationSupportsIndirectInputEvents[sdk=iphoneos*]" = YES;
				"INFOPLIST_KEY_UIApplicationSupportsIndirectInputEvents[sdk=iphonesimulator*]" = YES;
				"INFOPLIST_KEY_UILaunchScreen_Generation[sdk=iphoneos*]" = YES;
				"INFOPLIST_KEY_UILaunchScreen_Generation[sdk=iphonesimulator*]" = YES;
				"INFOPLIST_KEY_UIStatusBarStyle[sdk=iphoneos*]" = UIStatusBarStyleDefault;
				"INFOPLIST_KEY_UIStatusBarStyle[sdk=iphonesimulator*]" = UIStatusBarStyleDefault;
				INFOPLIST_KEY_UISupportedInterfaceOrientations_iPad = "UIInterfaceOrientationPortrait UIInterfaceOrientationPortraitUpsideDown UIInterfaceOrientationLandscapeLeft UIInterfaceOrientationLandscapeRight";
				INFOPLIST_KEY_UISupportedInterfaceOrientations_iPhone = "UIInterfaceOrientationPortrait UIInterfaceOrientationLandscapeLeft UIInterfaceOrientationLandscapeRight";
				IPHONEOS_DEPLOYMENT_TARGET = 16.0;
				LD_RUNPATH_SEARCH_PATHS = "@executable_path/Frameworks";
				"LD_RUNPATH_SEARCH_PATHS[sdk=macosx*]" = "@executable_path/../Frameworks";
				MACOSX_DEPLOYMENT_TARGET = 14.5;
				MARKETING_VERSION = 1.0;
				PRODUCT_BUNDLE_IDENTIFIER = com.rigels.Caley;
				PRODUCT_NAME = "$(TARGET_NAME)";
				SDKROOT = auto;
				SUPPORTED_PLATFORMS = "iphoneos iphonesimulator macosx";
				SWIFT_EMIT_LOC_STRINGS = YES;
				SWIFT_VERSION = 5.0;
				TARGETED_DEVICE_FAMILY = "1,2";
			};
			name = Debug;
		};
		3842713C2C8A3AAB00E108D7 /* Release */ = {
			isa = XCBuildConfiguration;
			buildSettings = {
				ASSETCATALOG_COMPILER_APPICON_NAME = AppIcon;
				ASSETCATALOG_COMPILER_GLOBAL_ACCENT_COLOR_NAME = AccentColor;
				CODE_SIGN_ENTITLEMENTS = Caley/Caley.entitlements;
				CODE_SIGN_STYLE = Automatic;
				CURRENT_PROJECT_VERSION = 1;
				DEVELOPMENT_ASSET_PATHS = "\"Caley/Preview Content\"";
				DEVELOPMENT_TEAM = DYAYXFMND5;
				ENABLE_PREVIEWS = YES;
				GENERATE_INFOPLIST_FILE = YES;
				"INFOPLIST_KEY_UIApplicationSceneManifest_Generation[sdk=iphoneos*]" = YES;
				"INFOPLIST_KEY_UIApplicationSceneManifest_Generation[sdk=iphonesimulator*]" = YES;
				"INFOPLIST_KEY_UIApplicationSupportsIndirectInputEvents[sdk=iphoneos*]" = YES;
				"INFOPLIST_KEY_UIApplicationSupportsIndirectInputEvents[sdk=iphonesimulator*]" = YES;
				"INFOPLIST_KEY_UILaunchScreen_Generation[sdk=iphoneos*]" = YES;
				"INFOPLIST_KEY_UILaunchScreen_Generation[sdk=iphonesimulator*]" = YES;
				"INFOPLIST_KEY_UIStatusBarStyle[sdk=iphoneos*]" = UIStatusBarStyleDefault;
				"INFOPLIST_KEY_UIStatusBarStyle[sdk=iphonesimulator*]" = UIStatusBarStyleDefault;
				INFOPLIST_KEY_UISupportedInterfaceOrientations_iPad = "UIInterfaceOrientationPortrait UIInterfaceOrientationPortraitUpsideDown UIInterfaceOrientationLandscapeLeft UIInterfaceOrientationLandscapeRight";
				INFOPLIST_KEY_UISupportedInterfaceOrientations_iPhone = "UIInterfaceOrientationPortrait UIInterfaceOrientationLandscapeLeft UIInterfaceOrientationLandscapeRight";
				IPHONEOS_DEPLOYMENT_TARGET = 16.0;
				LD_RUNPATH_SEARCH_PATHS = "@executable_path/Frameworks";
				"LD_RUNPATH_SEARCH_PATHS[sdk=macosx*]" = "@executable_path/../Frameworks";
				MACOSX_DEPLOYMENT_TARGET = 14.5;
				MARKETING_VERSION = 1.0;
				PRODUCT_BUNDLE_IDENTIFIER = com.rigels.Caley;
				PRODUCT_NAME = "$(TARGET_NAME)";
				SDKROOT = auto;
				SUPPORTED_PLATFORMS = "iphoneos iphonesimulator macosx";
				SWIFT_EMIT_LOC_STRINGS = YES;
				SWIFT_VERSION = 5.0;
				TARGETED_DEVICE_FAMILY = "1,2";
			};
			name = Release;
		};
		3842713E2C8A3AAB00E108D7 /* Debug */ = {
			isa = XCBuildConfiguration;
			buildSettings = {
				ALWAYS_EMBED_SWIFT_STANDARD_LIBRARIES = YES;
				BUNDLE_LOADER = "$(TEST_HOST)";
				CODE_SIGN_STYLE = Automatic;
				CURRENT_PROJECT_VERSION = 1;
				GENERATE_INFOPLIST_FILE = YES;
				IPHONEOS_DEPLOYMENT_TARGET = 17.5;
				MACOSX_DEPLOYMENT_TARGET = 14.5;
				MARKETING_VERSION = 1.0;
				PRODUCT_BUNDLE_IDENTIFIER = com.rigels.CaleyTests;
				PRODUCT_NAME = "$(TARGET_NAME)";
				SDKROOT = auto;
				SUPPORTED_PLATFORMS = "iphoneos iphonesimulator macosx";
				SWIFT_EMIT_LOC_STRINGS = NO;
				SWIFT_VERSION = 5.0;
				TARGETED_DEVICE_FAMILY = "1,2";
				TEST_HOST = "$(BUILT_PRODUCTS_DIR)/Caley.app/$(BUNDLE_EXECUTABLE_FOLDER_PATH)/Caley";
			};
			name = Debug;
		};
		3842713F2C8A3AAB00E108D7 /* Release */ = {
			isa = XCBuildConfiguration;
			buildSettings = {
				ALWAYS_EMBED_SWIFT_STANDARD_LIBRARIES = YES;
				BUNDLE_LOADER = "$(TEST_HOST)";
				CODE_SIGN_STYLE = Automatic;
				CURRENT_PROJECT_VERSION = 1;
				GENERATE_INFOPLIST_FILE = YES;
				IPHONEOS_DEPLOYMENT_TARGET = 17.5;
				MACOSX_DEPLOYMENT_TARGET = 14.5;
				MARKETING_VERSION = 1.0;
				PRODUCT_BUNDLE_IDENTIFIER = com.rigels.CaleyTests;
				PRODUCT_NAME = "$(TARGET_NAME)";
				SDKROOT = auto;
				SUPPORTED_PLATFORMS = "iphoneos iphonesimulator macosx";
				SWIFT_EMIT_LOC_STRINGS = NO;
				SWIFT_VERSION = 5.0;
				TARGETED_DEVICE_FAMILY = "1,2";
				TEST_HOST = "$(BUILT_PRODUCTS_DIR)/Caley.app/$(BUNDLE_EXECUTABLE_FOLDER_PATH)/Caley";
			};
			name = Release;
		};
		384271412C8A3AAB00E108D7 /* Debug */ = {
			isa = XCBuildConfiguration;
			buildSettings = {
				ALWAYS_EMBED_SWIFT_STANDARD_LIBRARIES = YES;
				CODE_SIGN_STYLE = Automatic;
				CURRENT_PROJECT_VERSION = 1;
				GENERATE_INFOPLIST_FILE = YES;
				IPHONEOS_DEPLOYMENT_TARGET = 17.5;
				MACOSX_DEPLOYMENT_TARGET = 14.5;
				MARKETING_VERSION = 1.0;
				PRODUCT_BUNDLE_IDENTIFIER = com.rigels.CaleyUITests;
				PRODUCT_NAME = "$(TARGET_NAME)";
				SDKROOT = auto;
				SUPPORTED_PLATFORMS = "iphoneos iphonesimulator macosx";
				SWIFT_EMIT_LOC_STRINGS = NO;
				SWIFT_VERSION = 5.0;
				TARGETED_DEVICE_FAMILY = "1,2";
				TEST_TARGET_NAME = Caley;
			};
			name = Debug;
		};
		384271422C8A3AAB00E108D7 /* Release */ = {
			isa = XCBuildConfiguration;
			buildSettings = {
				ALWAYS_EMBED_SWIFT_STANDARD_LIBRARIES = YES;
				CODE_SIGN_STYLE = Automatic;
				CURRENT_PROJECT_VERSION = 1;
				GENERATE_INFOPLIST_FILE = YES;
				IPHONEOS_DEPLOYMENT_TARGET = 17.5;
				MACOSX_DEPLOYMENT_TARGET = 14.5;
				MARKETING_VERSION = 1.0;
				PRODUCT_BUNDLE_IDENTIFIER = com.rigels.CaleyUITests;
				PRODUCT_NAME = "$(TARGET_NAME)";
				SDKROOT = auto;
				SUPPORTED_PLATFORMS = "iphoneos iphonesimulator macosx";
				SWIFT_EMIT_LOC_STRINGS = NO;
				SWIFT_VERSION = 5.0;
				TARGETED_DEVICE_FAMILY = "1,2";
				TEST_TARGET_NAME = Caley;
			};
			name = Release;
		};
/* End XCBuildConfiguration section */

/* Begin XCConfigurationList section */
		3842710B2C8A3AA900E108D7 /* Build configuration list for PBXProject "Caley" */ = {
			isa = XCConfigurationList;
			buildConfigurations = (
				384271382C8A3AAB00E108D7 /* Debug */,
				384271392C8A3AAB00E108D7 /* Release */,
			);
			defaultConfigurationIsVisible = 0;
			defaultConfigurationName = Release;
		};
		3842713A2C8A3AAB00E108D7 /* Build configuration list for PBXNativeTarget "Caley" */ = {
			isa = XCConfigurationList;
			buildConfigurations = (
				3842713B2C8A3AAB00E108D7 /* Debug */,
				3842713C2C8A3AAB00E108D7 /* Release */,
			);
			defaultConfigurationIsVisible = 0;
			defaultConfigurationName = Release;
		};
		3842713D2C8A3AAB00E108D7 /* Build configuration list for PBXNativeTarget "CaleyTests" */ = {
			isa = XCConfigurationList;
			buildConfigurations = (
				3842713E2C8A3AAB00E108D7 /* Debug */,
				3842713F2C8A3AAB00E108D7 /* Release */,
			);
			defaultConfigurationIsVisible = 0;
			defaultConfigurationName = Release;
		};
		384271402C8A3AAB00E108D7 /* Build configuration list for PBXNativeTarget "CaleyUITests" */ = {
			isa = XCConfigurationList;
			buildConfigurations = (
				384271412C8A3AAB00E108D7 /* Debug */,
				384271422C8A3AAB00E108D7 /* Release */,
			);
			defaultConfigurationIsVisible = 0;
			defaultConfigurationName = Release;
		};
/* End XCConfigurationList section */

/* Begin XCVersionGroup section */
		384271172C8A3AA900E108D7 /* Caley.xcdatamodeld */ = {
			isa = XCVersionGroup;
			children = (
				384271182C8A3AA900E108D7 /* Caley.xcdatamodel */,
			);
			currentVersion = 384271182C8A3AA900E108D7 /* Caley.xcdatamodel */;
			path = Caley.xcdatamodeld;
			sourceTree = "<group>";
			versionGroupType = wrapper.xcdatamodel;
		};
/* End XCVersionGroup section */
	};
	rootObject = 384271082C8A3AA900E108D7 /* Project object */;
}
